// !$*UTF8*$!
{
	archiveVersion = 1;
	classes = {
	};
	objectVersion = 56;
	objects = {

/* Begin PBXBuildFile section */
		8EB1FB492CFA0F64006EEB8E /* churmbleApp.swift in Sources */ = {isa = PBXBuildFile; fileRef = 8EB1FB482CFA0F64006EEB8E /* churmbleApp.swift */; };
		8EB1FB4B2CFA0F64006EEB8E /* ContentView.swift in Sources */ = {isa = PBXBuildFile; fileRef = 8EB1FB4A2CFA0F64006EEB8E /* ContentView.swift */; };
		8EB1FB4D2CFA0F66006EEB8E /* Assets.xcassets in Resources */ = {isa = PBXBuildFile; fileRef = 8EB1FB4C2CFA0F66006EEB8E /* Assets.xcassets */; };
		8EB1FB502CFA0F66006EEB8E /* Preview Assets.xcassets in Resources */ = {isa = PBXBuildFile; fileRef = 8EB1FB4F2CFA0F66006EEB8E /* Preview Assets.xcassets */; };
		8EB1FB572CFA0F9C006EEB8E /* MainView.swift in Sources */ = {isa = PBXBuildFile; fileRef = 8EB1FB562CFA0F9C006EEB8E /* MainView.swift */; };
		8EB1FB592CFA109C006EEB8E /* PeopleView.swift in Sources */ = {isa = PBXBuildFile; fileRef = 8EB1FB582CFA109C006EEB8E /* PeopleView.swift */; };
		8EB1FB5B2CFA4C4D006EEB8E /* newView.swift in Sources */ = {isa = PBXBuildFile; fileRef = 8EB1FB5A2CFA4C4D006EEB8E /* newView.swift */; };
		8EB1FB5D2CFAD86E006EEB8E /* NavBar.swift in Sources */ = {isa = PBXBuildFile; fileRef = 8EB1FB5C2CFAD86D006EEB8E /* NavBar.swift */; };
		8EB1FB612CFADA52006EEB8E /* ProfileView.swift in Sources */ = {isa = PBXBuildFile; fileRef = 8EB1FB602CFADA52006EEB8E /* ProfileView.swift */; };
		8EB1FB632CFADF6D006EEB8E /* test.swift in Sources */ = {isa = PBXBuildFile; fileRef = 8EB1FB622CFADF6D006EEB8E /* test.swift */; };
		8EB1FB652CFAFF35006EEB8E /* ProfileScroll.swift in Sources */ = {isa = PBXBuildFile; fileRef = 8EB1FB642CFAFF35006EEB8E /* ProfileScroll.swift */; };
		8EB1FB692CFB246A006EEB8E /* ForYouView.swift in Sources */ = {isa = PBXBuildFile; fileRef = 8EB1FB682CFB246A006EEB8E /* ForYouView.swift */; };
		8EB1FB6D2CFB29D4006EEB8E /* LikedYouView.swift in Sources */ = {isa = PBXBuildFile; fileRef = 8EB1FB6C2CFB29D4006EEB8E /* LikedYouView.swift */; };
		8EB1FB6F2CFBBDF1006EEB8E /* ChatView.swift in Sources */ = {isa = PBXBuildFile; fileRef = 8EB1FB6E2CFBBDF1006EEB8E /* ChatView.swift */; };
/* End PBXBuildFile section */

/* Begin PBXFileReference section */
		8EB1FB452CFA0F64006EEB8E /* churmble.app */ = {isa = PBXFileReference; explicitFileType = wrapper.application; includeInIndex = 0; path = churmble.app; sourceTree = BUILT_PRODUCTS_DIR; };
		8EB1FB482CFA0F64006EEB8E /* churmbleApp.swift */ = {isa = PBXFileReference; lastKnownFileType = sourcecode.swift; path = churmbleApp.swift; sourceTree = "<group>"; };
		8EB1FB4A2CFA0F64006EEB8E /* ContentView.swift */ = {isa = PBXFileReference; lastKnownFileType = sourcecode.swift; path = ContentView.swift; sourceTree = "<group>"; };
		8EB1FB4C2CFA0F66006EEB8E /* Assets.xcassets */ = {isa = PBXFileReference; lastKnownFileType = folder.assetcatalog; path = Assets.xcassets; sourceTree = "<group>"; };
		8EB1FB4F2CFA0F66006EEB8E /* Preview Assets.xcassets */ = {isa = PBXFileReference; lastKnownFileType = folder.assetcatalog; path = "Preview Assets.xcassets"; sourceTree = "<group>"; };
		8EB1FB562CFA0F9C006EEB8E /* MainView.swift */ = {isa = PBXFileReference; lastKnownFileType = sourcecode.swift; path = MainView.swift; sourceTree = "<group>"; };
		8EB1FB582CFA109C006EEB8E /* PeopleView.swift */ = {isa = PBXFileReference; lastKnownFileType = sourcecode.swift; path = PeopleView.swift; sourceTree = "<group>"; };
		8EB1FB5A2CFA4C4D006EEB8E /* newView.swift */ = {isa = PBXFileReference; lastKnownFileType = sourcecode.swift; path = newView.swift; sourceTree = "<group>"; };
		8EB1FB5C2CFAD86D006EEB8E /* NavBar.swift */ = {isa = PBXFileReference; lastKnownFileType = sourcecode.swift; path = NavBar.swift; sourceTree = "<group>"; };
		8EB1FB602CFADA52006EEB8E /* ProfileView.swift */ = {isa = PBXFileReference; lastKnownFileType = sourcecode.swift; path = ProfileView.swift; sourceTree = "<group>"; };
		8EB1FB622CFADF6D006EEB8E /* test.swift */ = {isa = PBXFileReference; lastKnownFileType = sourcecode.swift; path = test.swift; sourceTree = "<group>"; };
		8EB1FB642CFAFF35006EEB8E /* ProfileScroll.swift */ = {isa = PBXFileReference; lastKnownFileType = sourcecode.swift; path = ProfileScroll.swift; sourceTree = "<group>"; };
		8EB1FB682CFB246A006EEB8E /* ForYouView.swift */ = {isa = PBXFileReference; lastKnownFileType = sourcecode.swift; path = ForYouView.swift; sourceTree = "<group>"; };
		8EB1FB6C2CFB29D4006EEB8E /* LikedYouView.swift */ = {isa = PBXFileReference; lastKnownFileType = sourcecode.swift; path = LikedYouView.swift; sourceTree = "<group>"; };
		8EB1FB6E2CFBBDF1006EEB8E /* ChatView.swift */ = {isa = PBXFileReference; lastKnownFileType = sourcecode.swift; path = ChatView.swift; sourceTree = "<group>"; };
/* End PBXFileReference section */

/* Begin PBXFrameworksBuildPhase section */
		8EB1FB422CFA0F64006EEB8E /* Frameworks */ = {
			isa = PBXFrameworksBuildPhase;
			buildActionMask = 2147483647;
			files = (
			);
			runOnlyForDeploymentPostprocessing = 0;
		};
/* End PBXFrameworksBuildPhase section */

/* Begin PBXGroup section */
		8EB1FB3C2CFA0F64006EEB8E = {
			isa = PBXGroup;
			children = (
				8EB1FB6E2CFBBDF1006EEB8E /* ChatView.swift */,
				8EB1FB6C2CFB29D4006EEB8E /* LikedYouView.swift */,
				8EB1FB682CFB246A006EEB8E /* ForYouView.swift */,
				8EB1FB642CFAFF35006EEB8E /* ProfileScroll.swift */,
				8EB1FB562CFA0F9C006EEB8E /* MainView.swift */,
				8EB1FB622CFADF6D006EEB8E /* test.swift */,
				8EB1FB472CFA0F64006EEB8E /* churmble */,
				8EB1FB462CFA0F64006EEB8E /* Products */,
			);
			sourceTree = "<group>";
		};
		8EB1FB462CFA0F64006EEB8E /* Products */ = {
			isa = PBXGroup;
			children = (
				8EB1FB452CFA0F64006EEB8E /* churmble.app */,
			);
			name = Products;
			sourceTree = "<group>";
		};
		8EB1FB472CFA0F64006EEB8E /* churmble */ = {
			isa = PBXGroup;
			children = (
				8EB1FB4A2CFA0F64006EEB8E /* ContentView.swift */,
				8EB1FB602CFADA52006EEB8E /* ProfileView.swift */,
				8EB1FB5C2CFAD86D006EEB8E /* NavBar.swift */,
				8EB1FB582CFA109C006EEB8E /* PeopleView.swift */,
				8EB1FB5A2CFA4C4D006EEB8E /* newView.swift */,
				8EB1FB482CFA0F64006EEB8E /* churmbleApp.swift */,
				8EB1FB4C2CFA0F66006EEB8E /* Assets.xcassets */,
				8EB1FB4E2CFA0F66006EEB8E /* Preview Content */,
			);
			path = churmble;
			sourceTree = "<group>";
		};
		8EB1FB4E2CFA0F66006EEB8E /* Preview Content */ = {
			isa = PBXGroup;
			children = (
				8EB1FB4F2CFA0F66006EEB8E /* Preview Assets.xcassets */,
			);
			path = "Preview Content";
			sourceTree = "<group>";
		};
/* End PBXGroup section */

/* Begin PBXNativeTarget section */
		8EB1FB442CFA0F64006EEB8E /* churmble */ = {
			isa = PBXNativeTarget;
			buildConfigurationList = 8EB1FB532CFA0F66006EEB8E /* Build configuration list for PBXNativeTarget "churmble" */;
			buildPhases = (
				8EB1FB412CFA0F64006EEB8E /* Sources */,
				8EB1FB422CFA0F64006EEB8E /* Frameworks */,
				8EB1FB432CFA0F64006EEB8E /* Resources */,
			);
			buildRules = (
			);
			dependencies = (
			);
			name = churmble;
			productName = churmble;
			productReference = 8EB1FB452CFA0F64006EEB8E /* churmble.app */;
			productType = "com.apple.product-type.application";
		};
/* End PBXNativeTarget section */

/* Begin PBXProject section */
		8EB1FB3D2CFA0F64006EEB8E /* Project object */ = {
			isa = PBXProject;
			attributes = {
				BuildIndependentTargetsInParallel = 1;
				LastSwiftUpdateCheck = 1540;
				LastUpgradeCheck = 1540;
				TargetAttributes = {
					8EB1FB442CFA0F64006EEB8E = {
						CreatedOnToolsVersion = 15.4;
					};
				};
			};
			buildConfigurationList = 8EB1FB402CFA0F64006EEB8E /* Build configuration list for PBXProject "churmble" */;
			compatibilityVersion = "Xcode 14.0";
			developmentRegion = en;
			hasScannedForEncodings = 0;
			knownRegions = (
				en,
				Base,
			);
			mainGroup = 8EB1FB3C2CFA0F64006EEB8E;
			productRefGroup = 8EB1FB462CFA0F64006EEB8E /* Products */;
			projectDirPath = "";
			projectRoot = "";
			targets = (
				8EB1FB442CFA0F64006EEB8E /* churmble */,
			);
		};
/* End PBXProject section */

/* Begin PBXResourcesBuildPhase section */
		8EB1FB432CFA0F64006EEB8E /* Resources */ = {
			isa = PBXResourcesBuildPhase;
			buildActionMask = 2147483647;
			files = (
				8EB1FB502CFA0F66006EEB8E /* Preview Assets.xcassets in Resources */,
				8EB1FB4D2CFA0F66006EEB8E /* Assets.xcassets in Resources */,
			);
			runOnlyForDeploymentPostprocessing = 0;
		};
/* End PBXResourcesBuildPhase section */

/* Begin PBXSourcesBuildPhase section */
		8EB1FB412CFA0F64006EEB8E /* Sources */ = {
			isa = PBXSourcesBuildPhase;
			buildActionMask = 2147483647;
			files = (
				8EB1FB652CFAFF35006EEB8E /* ProfileScroll.swift in Sources */,
				8EB1FB4B2CFA0F64006EEB8E /* ContentView.swift in Sources */,
				8EB1FB572CFA0F9C006EEB8E /* MainView.swift in Sources */,
				8EB1FB492CFA0F64006EEB8E /* churmbleApp.swift in Sources */,
				8EB1FB6F2CFBBDF1006EEB8E /* ChatView.swift in Sources */,
				8EB1FB592CFA109C006EEB8E /* PeopleView.swift in Sources */,
				8EB1FB6D2CFB29D4006EEB8E /* LikedYouView.swift in Sources */,
				8EB1FB5B2CFA4C4D006EEB8E /* newView.swift in Sources */,
				8EB1FB632CFADF6D006EEB8E /* test.swift in Sources */,
				8EB1FB612CFADA52006EEB8E /* ProfileView.swift in Sources */,
				8EB1FB692CFB246A006EEB8E /* ForYouView.swift in Sources */,
				8EB1FB5D2CFAD86E006EEB8E /* NavBar.swift in Sources */,
			);
			runOnlyForDeploymentPostprocessing = 0;
		};
/* End PBXSourcesBuildPhase section */

/* Begin XCBuildConfiguration section */
		8EB1FB512CFA0F66006EEB8E /* Debug */ = {
			isa = XCBuildConfiguration;
			buildSettings = {
				ALWAYS_SEARCH_USER_PATHS = NO;
				ASSETCATALOG_COMPILER_GENERATE_SWIFT_ASSET_SYMBOL_EXTENSIONS = YES;
				CLANG_ANALYZER_NONNULL = YES;
				CLANG_ANALYZER_NUMBER_OBJECT_CONVERSION = YES_AGGRESSIVE;
				CLANG_CXX_LANGUAGE_STANDARD = "gnu++20";
				CLANG_ENABLE_MODULES = YES;
				CLANG_ENABLE_OBJC_ARC = YES;
				CLANG_ENABLE_OBJC_WEAK = YES;
				CLANG_WARN_BLOCK_CAPTURE_AUTORELEASING = YES;
				CLANG_WARN_BOOL_CONVERSION = YES;
				CLANG_WARN_COMMA = YES;
				CLANG_WARN_CONSTANT_CONVERSION = YES;
				CLANG_WARN_DEPRECATED_OBJC_IMPLEMENTATIONS = YES;
				CLANG_WARN_DIRECT_OBJC_ISA_USAGE = YES_ERROR;
				CLANG_WARN_DOCUMENTATION_COMMENTS = YES;
				CLANG_WARN_EMPTY_BODY = YES;
				CLANG_WARN_ENUM_CONVERSION = YES;
				CLANG_WARN_INFINITE_RECURSION = YES;
				CLANG_WARN_INT_CONVERSION = YES;
				CLANG_WARN_NON_LITERAL_NULL_CONVERSION = YES;
				CLANG_WARN_OBJC_IMPLICIT_RETAIN_SELF = YES;
				CLANG_WARN_OBJC_LITERAL_CONVERSION = YES;
				CLANG_WARN_OBJC_ROOT_CLASS = YES_ERROR;
				CLANG_WARN_QUOTED_INCLUDE_IN_FRAMEWORK_HEADER = YES;
				CLANG_WARN_RANGE_LOOP_ANALYSIS = YES;
				CLANG_WARN_STRICT_PROTOTYPES = YES;
				CLANG_WARN_SUSPICIOUS_MOVE = YES;
				CLANG_WARN_UNGUARDED_AVAILABILITY = YES_AGGRESSIVE;
				CLANG_WARN_UNREACHABLE_CODE = YES;
				CLANG_WARN__DUPLICATE_METHOD_MATCH = YES;
				COPY_PHASE_STRIP = NO;
				DEBUG_INFORMATION_FORMAT = dwarf;
				ENABLE_STRICT_OBJC_MSGSEND = YES;
				ENABLE_TESTABILITY = YES;
				ENABLE_USER_SCRIPT_SANDBOXING = YES;
				GCC_C_LANGUAGE_STANDARD = gnu17;
				GCC_DYNAMIC_NO_PIC = NO;
				GCC_NO_COMMON_BLOCKS = YES;
				GCC_OPTIMIZATION_LEVEL = 0;
				GCC_PREPROCESSOR_DEFINITIONS = (
					"DEBUG=1",
					"$(inherited)",
				);
				GCC_WARN_64_TO_32_BIT_CONVERSION = YES;
				GCC_WARN_ABOUT_RETURN_TYPE = YES_ERROR;
				GCC_WARN_UNDECLARED_SELECTOR = YES;
				GCC_WARN_UNINITIALIZED_AUTOS = YES_AGGRESSIVE;
				GCC_WARN_UNUSED_FUNCTION = YES;
				GCC_WARN_UNUSED_VARIABLE = YES;
				IPHONEOS_DEPLOYMENT_TARGET = 17.5;
				LOCALIZATION_PREFERS_STRING_CATALOGS = YES;
				MTL_ENABLE_DEBUG_INFO = INCLUDE_SOURCE;
				MTL_FAST_MATH = YES;
				ONLY_ACTIVE_ARCH = YES;
				SDKROOT = iphoneos;
				SWIFT_ACTIVE_COMPILATION_CONDITIONS = "DEBUG $(inherited)";
				SWIFT_OPTIMIZATION_LEVEL = "-Onone";
			};
			name = Debug;
		};
		8EB1FB522CFA0F66006EEB8E /* Release */ = {
			isa = XCBuildConfiguration;
			buildSettings = {
				ALWAYS_SEARCH_USER_PATHS = NO;
				ASSETCATALOG_COMPILER_GENERATE_SWIFT_ASSET_SYMBOL_EXTENSIONS = YES;
				CLANG_ANALYZER_NONNULL = YES;
				CLANG_ANALYZER_NUMBER_OBJECT_CONVERSION = YES_AGGRESSIVE;
				CLANG_CXX_LANGUAGE_STANDARD = "gnu++20";
				CLANG_ENABLE_MODULES = YES;
				CLANG_ENABLE_OBJC_ARC = YES;
				CLANG_ENABLE_OBJC_WEAK = YES;
				CLANG_WARN_BLOCK_CAPTURE_AUTORELEASING = YES;
				CLANG_WARN_BOOL_CONVERSION = YES;
				CLANG_WARN_COMMA = YES;
				CLANG_WARN_CONSTANT_CONVERSION = YES;
				CLANG_WARN_DEPRECATED_OBJC_IMPLEMENTATIONS = YES;
				CLANG_WARN_DIRECT_OBJC_ISA_USAGE = YES_ERROR;
				CLANG_WARN_DOCUMENTATION_COMMENTS = YES;
				CLANG_WARN_EMPTY_BODY = YES;
				CLANG_WARN_ENUM_CONVERSION = YES;
				CLANG_WARN_INFINITE_RECURSION = YES;
				CLANG_WARN_INT_CONVERSION = YES;
				CLANG_WARN_NON_LITERAL_NULL_CONVERSION = YES;
				CLANG_WARN_OBJC_IMPLICIT_RETAIN_SELF = YES;
				CLANG_WARN_OBJC_LITERAL_CONVERSION = YES;
				CLANG_WARN_OBJC_ROOT_CLASS = YES_ERROR;
				CLANG_WARN_QUOTED_INCLUDE_IN_FRAMEWORK_HEADER = YES;
				CLANG_WARN_RANGE_LOOP_ANALYSIS = YES;
				CLANG_WARN_STRICT_PROTOTYPES = YES;
				CLANG_WARN_SUSPICIOUS_MOVE = YES;
				CLANG_WARN_UNGUARDED_AVAILABILITY = YES_AGGRESSIVE;
				CLANG_WARN_UNREACHABLE_CODE = YES;
				CLANG_WARN__DUPLICATE_METHOD_MATCH = YES;
				COPY_PHASE_STRIP = NO;
				DEBUG_INFORMATION_FORMAT = "dwarf-with-dsym";
				ENABLE_NS_ASSERTIONS = NO;
				ENABLE_STRICT_OBJC_MSGSEND = YES;
				ENABLE_USER_SCRIPT_SANDBOXING = YES;
				GCC_C_LANGUAGE_STANDARD = gnu17;
				GCC_NO_COMMON_BLOCKS = YES;
				GCC_WARN_64_TO_32_BIT_CONVERSION = YES;
				GCC_WARN_ABOUT_RETURN_TYPE = YES_ERROR;
				GCC_WARN_UNDECLARED_SELECTOR = YES;
				GCC_WARN_UNINITIALIZED_AUTOS = YES_AGGRESSIVE;
				GCC_WARN_UNUSED_FUNCTION = YES;
				GCC_WARN_UNUSED_VARIABLE = YES;
				IPHONEOS_DEPLOYMENT_TARGET = 17.5;
				LOCALIZATION_PREFERS_STRING_CATALOGS = YES;
				MTL_ENABLE_DEBUG_INFO = NO;
				MTL_FAST_MATH = YES;
				SDKROOT = iphoneos;
				SWIFT_COMPILATION_MODE = wholemodule;
				VALIDATE_PRODUCT = YES;
			};
			name = Release;
		};
		8EB1FB542CFA0F66006EEB8E /* Debug */ = {
			isa = XCBuildConfiguration;
			buildSettings = {
				ASSETCATALOG_COMPILER_APPICON_NAME = AppIcon;
				ASSETCATALOG_COMPILER_GLOBAL_ACCENT_COLOR_NAME = AccentColor;
				CODE_SIGN_STYLE = Automatic;
				CURRENT_PROJECT_VERSION = 1;
				DEVELOPMENT_ASSET_PATHS = "\"churmble/Preview Content\"";
				DEVELOPMENT_TEAM = 74RZK299A7;
				ENABLE_PREVIEWS = YES;
				GENERATE_INFOPLIST_FILE = YES;
				INFOPLIST_KEY_UIApplicationSceneManifest_Generation = YES;
				INFOPLIST_KEY_UIApplicationSupportsIndirectInputEvents = YES;
				INFOPLIST_KEY_UILaunchScreen_Generation = YES;
				INFOPLIST_KEY_UISupportedInterfaceOrientations_iPad = "UIInterfaceOrientationPortrait UIInterfaceOrientationPortraitUpsideDown UIInterfaceOrientationLandscapeLeft UIInterfaceOrientationLandscapeRight";
				INFOPLIST_KEY_UISupportedInterfaceOrientations_iPhone = "UIInterfaceOrientationPortrait UIInterfaceOrientationLandscapeLeft UIInterfaceOrientationLandscapeRight";
				LD_RUNPATH_SEARCH_PATHS = (
					"$(inherited)",
					"@executable_path/Frameworks",
				);
				MARKETING_VERSION = 1.0;
				PRODUCT_BUNDLE_IDENTIFIER = com.Piyush.churmble;
				PRODUCT_NAME = "$(TARGET_NAME)";
				SWIFT_EMIT_LOC_STRINGS = YES;
				SWIFT_VERSION = 5.0;
				TARGETED_DEVICE_FAMILY = "1,2";
			};
			name = Debug;
		};
		8EB1FB552CFA0F66006EEB8E /* Release */ = {
			isa = XCBuildConfiguration;
			buildSettings = {
				ASSETCATALOG_COMPILER_APPICON_NAME = AppIcon;
				ASSETCATALOG_COMPILER_GLOBAL_ACCENT_COLOR_NAME = AccentColor;
				CODE_SIGN_STYLE = Automatic;
				CURRENT_PROJECT_VERSION = 1;
				DEVELOPMENT_ASSET_PATHS = "\"churmble/Preview Content\"";
				DEVELOPMENT_TEAM = 74RZK299A7;
				ENABLE_PREVIEWS = YES;
				GENERATE_INFOPLIST_FILE = YES;
				INFOPLIST_KEY_UIApplicationSceneManifest_Generation = YES;
				INFOPLIST_KEY_UIApplicationSupportsIndirectInputEvents = YES;
				INFOPLIST_KEY_UILaunchScreen_Generation = YES;
				INFOPLIST_KEY_UISupportedInterfaceOrientations_iPad = "UIInterfaceOrientationPortrait UIInterfaceOrientationPortraitUpsideDown UIInterfaceOrientationLandscapeLeft UIInterfaceOrientationLandscapeRight";
				INFOPLIST_KEY_UISupportedInterfaceOrientations_iPhone = "UIInterfaceOrientationPortrait UIInterfaceOrientationLandscapeLeft UIInterfaceOrientationLandscapeRight";
				LD_RUNPATH_SEARCH_PATHS = (
					"$(inherited)",
					"@executable_path/Frameworks",
				);
				MARKETING_VERSION = 1.0;
				PRODUCT_BUNDLE_IDENTIFIER = com.Piyush.churmble;
				PRODUCT_NAME = "$(TARGET_NAME)";
				SWIFT_EMIT_LOC_STRINGS = YES;
				SWIFT_VERSION = 5.0;
				TARGETED_DEVICE_FAMILY = "1,2";
			};
			name = Release;
		};
/* End XCBuildConfiguration section */

/* Begin XCConfigurationList section */
		8EB1FB402CFA0F64006EEB8E /* Build configuration list for PBXProject "churmble" */ = {
			isa = XCConfigurationList;
			buildConfigurations = (
				8EB1FB512CFA0F66006EEB8E /* Debug */,
				8EB1FB522CFA0F66006EEB8E /* Release */,
			);
			defaultConfigurationIsVisible = 0;
			defaultConfigurationName = Release;
		};
		8EB1FB532CFA0F66006EEB8E /* Build configuration list for PBXNativeTarget "churmble" */ = {
			isa = XCConfigurationList;
			buildConfigurations = (
				8EB1FB542CFA0F66006EEB8E /* Debug */,
				8EB1FB552CFA0F66006EEB8E /* Release */,
			);
			defaultConfigurationIsVisible = 0;
			defaultConfigurationName = Release;
		};
/* End XCConfigurationList section */
	};
	rootObject = 8EB1FB3D2CFA0F64006EEB8E /* Project object */;
}
